// !$*UTF8*$!
{
	archiveVersion = 1;
	classes = {
	};
	objectVersion = 46;
	objects = {

/* Begin PBXBuildFile section */
		1253AF301AE3904400CF1DB1 /* AppDelegate.swift in Sources */ = {isa = PBXBuildFile; fileRef = 1253AF2F1AE3904400CF1DB1 /* AppDelegate.swift */; };
		1253AF321AE3904400CF1DB1 /* ViewController.swift in Sources */ = {isa = PBXBuildFile; fileRef = 1253AF311AE3904400CF1DB1 /* ViewController.swift */; };
		1253AF351AE3904400CF1DB1 /* Main.storyboard in Resources */ = {isa = PBXBuildFile; fileRef = 1253AF331AE3904400CF1DB1 /* Main.storyboard */; };
		1253AF371AE3904400CF1DB1 /* Images.xcassets in Resources */ = {isa = PBXBuildFile; fileRef = 1253AF361AE3904400CF1DB1 /* Images.xcassets */; };
		1253AF3A1AE3904400CF1DB1 /* LaunchScreen.xib in Resources */ = {isa = PBXBuildFile; fileRef = 1253AF381AE3904400CF1DB1 /* LaunchScreen.xib */; };
		1253AF461AE3904400CF1DB1 /* Mom_FinderTests.swift in Sources */ = {isa = PBXBuildFile; fileRef = 1253AF451AE3904400CF1DB1 /* Mom_FinderTests.swift */; };
/* End PBXBuildFile section */

/* Begin PBXContainerItemProxy section */
		1253AF401AE3904400CF1DB1 /* PBXContainerItemProxy */ = {
			isa = PBXContainerItemProxy;
			containerPortal = 1253AF221AE3904400CF1DB1 /* Project object */;
			proxyType = 1;
			remoteGlobalIDString = 1253AF291AE3904400CF1DB1;
			remoteInfo = "Mom Finder";
		};
/* End PBXContainerItemProxy section */

/* Begin PBXFileReference section */
		1253AF2A1AE3904400CF1DB1 /* Mom Finder.app */ = {isa = PBXFileReference; explicitFileType = wrapper.application; includeInIndex = 0; path = "Mom Finder.app"; sourceTree = BUILT_PRODUCTS_DIR; };
		1253AF2E1AE3904400CF1DB1 /* Info.plist */ = {isa = PBXFileReference; lastKnownFileType = text.plist.xml; path = Info.plist; sourceTree = "<group>"; };
		1253AF2F1AE3904400CF1DB1 /* AppDelegate.swift */ = {isa = PBXFileReference; lastKnownFileType = sourcecode.swift; path = AppDelegate.swift; sourceTree = "<group>"; };
		1253AF311AE3904400CF1DB1 /* ViewController.swift */ = {isa = PBXFileReference; lastKnownFileType = sourcecode.swift; path = ViewController.swift; sourceTree = "<group>"; };
		1253AF341AE3904400CF1DB1 /* Base */ = {isa = PBXFileReference; lastKnownFileType = file.storyboard; name = Base; path = Base.lproj/Main.storyboard; sourceTree = "<group>"; };
		1253AF361AE3904400CF1DB1 /* Images.xcassets */ = {isa = PBXFileReference; lastKnownFileType = folder.assetcatalog; path = Images.xcassets; sourceTree = "<group>"; };
		1253AF391AE3904400CF1DB1 /* Base */ = {isa = PBXFileReference; lastKnownFileType = file.xib; name = Base; path = Base.lproj/LaunchScreen.xib; sourceTree = "<group>"; };
		1253AF3F1AE3904400CF1DB1 /* Mom FinderTests.xctest */ = {isa = PBXFileReference; explicitFileType = wrapper.cfbundle; includeInIndex = 0; path = "Mom FinderTests.xctest"; sourceTree = BUILT_PRODUCTS_DIR; };
		1253AF441AE3904400CF1DB1 /* Info.plist */ = {isa = PBXFileReference; lastKnownFileType = text.plist.xml; path = Info.plist; sourceTree = "<group>"; };
		1253AF451AE3904400CF1DB1 /* Mom_FinderTests.swift */ = {isa = PBXFileReference; lastKnownFileType = sourcecode.swift; path = Mom_FinderTests.swift; sourceTree = "<group>"; };
/* End PBXFileReference section */

/* Begin PBXFrameworksBuildPhase section */
		1253AF271AE3904400CF1DB1 /* Frameworks */ = {
			isa = PBXFrameworksBuildPhase;
			buildActionMask = 2147483647;
			files = (
			);
			runOnlyForDeploymentPostprocessing = 0;
		};
		1253AF3C1AE3904400CF1DB1 /* Frameworks */ = {
			isa = PBXFrameworksBuildPhase;
			buildActionMask = 2147483647;
			files = (
			);
			runOnlyForDeploymentPostprocessing = 0;
		};
/* End PBXFrameworksBuildPhase section */

/* Begin PBXGroup section */
		1253AF211AE3904400CF1DB1 = {
			isa = PBXGroup;
			children = (
				1253AF2C1AE3904400CF1DB1 /* Mom Finder */,
				1253AF421AE3904400CF1DB1 /* Mom FinderTests */,
				1253AF2B1AE3904400CF1DB1 /* Products */,
			);
			sourceTree = "<group>";
		};
		1253AF2B1AE3904400CF1DB1 /* Products */ = {
			isa = PBXGroup;
			children = (
				1253AF2A1AE3904400CF1DB1 /* Mom Finder.app */,
				1253AF3F1AE3904400CF1DB1 /* Mom FinderTests.xctest */,
			);
			name = Products;
			sourceTree = "<group>";
		};
		1253AF2C1AE3904400CF1DB1 /* Mom Finder */ = {
			isa = PBXGroup;
			children = (
				1253AF2F1AE3904400CF1DB1 /* AppDelegate.swift */,
				1253AF311AE3904400CF1DB1 /* ViewController.swift */,
				1253AF331AE3904400CF1DB1 /* Main.storyboard */,
				1253AF361AE3904400CF1DB1 /* Images.xcassets */,
				1253AF381AE3904400CF1DB1 /* LaunchScreen.xib */,
				1253AF2D1AE3904400CF1DB1 /* Supporting Files */,
			);
			path = "Mom Finder";
			sourceTree = "<group>";
		};
		1253AF2D1AE3904400CF1DB1 /* Supporting Files */ = {
			isa = PBXGroup;
			children = (
				1253AF2E1AE3904400CF1DB1 /* Info.plist */,
			);
			name = "Supporting Files";
			sourceTree = "<group>";
		};
		1253AF421AE3904400CF1DB1 /* Mom FinderTests */ = {
			isa = PBXGroup;
			children = (
				1253AF451AE3904400CF1DB1 /* Mom_FinderTests.swift */,
				1253AF431AE3904400CF1DB1 /* Supporting Files */,
			);
			path = "Mom FinderTests";
			sourceTree = "<group>";
		};
		1253AF431AE3904400CF1DB1 /* Supporting Files */ = {
			isa = PBXGroup;
			children = (
				1253AF441AE3904400CF1DB1 /* Info.plist */,
			);
			name = "Supporting Files";
			sourceTree = "<group>";
		};
/* End PBXGroup section */

/* Begin PBXNativeTarget section */
		1253AF291AE3904400CF1DB1 /* Mom Finder */ = {
			isa = PBXNativeTarget;
			buildConfigurationList = 1253AF491AE3904400CF1DB1 /* Build configuration list for PBXNativeTarget "Mom Finder" */;
			buildPhases = (
				1253AF261AE3904400CF1DB1 /* Sources */,
				1253AF271AE3904400CF1DB1 /* Frameworks */,
				1253AF281AE3904400CF1DB1 /* Resources */,
			);
			buildRules = (
			);
			dependencies = (
			);
			name = "Mom Finder";
			productName = "Mom Finder";
			productReference = 1253AF2A1AE3904400CF1DB1 /* Mom Finder.app */;
			productType = "com.apple.product-type.application";
		};
		1253AF3E1AE3904400CF1DB1 /* Mom FinderTests */ = {
			isa = PBXNativeTarget;
			buildConfigurationList = 1253AF4C1AE3904400CF1DB1 /* Build configuration list for PBXNativeTarget "Mom FinderTests" */;
			buildPhases = (
				1253AF3B1AE3904400CF1DB1 /* Sources */,
				1253AF3C1AE3904400CF1DB1 /* Frameworks */,
				1253AF3D1AE3904400CF1DB1 /* Resources */,
			);
			buildRules = (
			);
			dependencies = (
				1253AF411AE3904400CF1DB1 /* PBXTargetDependency */,
			);
			name = "Mom FinderTests";
			productName = "Mom FinderTests";
			productReference = 1253AF3F1AE3904400CF1DB1 /* Mom FinderTests.xctest */;
			productType = "com.apple.product-type.bundle.unit-test";
		};
/* End PBXNativeTarget section */

/* Begin PBXProject section */
		1253AF221AE3904400CF1DB1 /* Project object */ = {
			isa = PBXProject;
			attributes = {
				LastUpgradeCheck = 0610;
				ORGANIZATIONNAME = "Protone Technologies";
				TargetAttributes = {
					1253AF291AE3904400CF1DB1 = {
						CreatedOnToolsVersion = 6.1;
					};
					1253AF3E1AE3904400CF1DB1 = {
						CreatedOnToolsVersion = 6.1;
						TestTargetID = 1253AF291AE3904400CF1DB1;
					};
				};
			};
			buildConfigurationList = 1253AF251AE3904400CF1DB1 /* Build configuration list for PBXProject "Mom Finder" */;
			compatibilityVersion = "Xcode 3.2";
			developmentRegion = English;
			hasScannedForEncodings = 0;
			knownRegions = (
				en,
				Base,
			);
			mainGroup = 1253AF211AE3904400CF1DB1;
			productRefGroup = 1253AF2B1AE3904400CF1DB1 /* Products */;
			projectDirPath = "";
			projectRoot = "";
			targets = (
				1253AF291AE3904400CF1DB1 /* Mom Finder */,
				1253AF3E1AE3904400CF1DB1 /* Mom FinderTests */,
			);
		};
/* End PBXProject section */

/* Begin PBXResourcesBuildPhase section */
		1253AF281AE3904400CF1DB1 /* Resources */ = {
			isa = PBXResourcesBuildPhase;
			buildActionMask = 2147483647;
			files = (
				1253AF351AE3904400CF1DB1 /* Main.storyboard in Resources */,
				1253AF3A1AE3904400CF1DB1 /* LaunchScreen.xib in Resources */,
				1253AF371AE3904400CF1DB1 /* Images.xcassets in Resources */,
			);
			runOnlyForDeploymentPostprocessing = 0;
		};
		1253AF3D1AE3904400CF1DB1 /* Resources */ = {
			isa = PBXResourcesBuildPhase;
			buildActionMask = 2147483647;
			files = (
			);
			runOnlyForDeploymentPostprocessing = 0;
		};
/* End PBXResourcesBuildPhase section */

/* Begin PBXSourcesBuildPhase section */
		1253AF261AE3904400CF1DB1 /* Sources */ = {
			isa = PBXSourcesBuildPhase;
			buildActionMask = 2147483647;
			files = (
				1253AF321AE3904400CF1DB1 /* ViewController.swift in Sources */,
				1253AF301AE3904400CF1DB1 /* AppDelegate.swift in Sources */,
			);
			runOnlyForDeploymentPostprocessing = 0;
		};
		1253AF3B1AE3904400CF1DB1 /* Sources */ = {
			isa = PBXSourcesBuildPhase;
			buildActionMask = 2147483647;
			files = (
				1253AF461AE3904400CF1DB1 /* Mom_FinderTests.swift in Sources */,
			);
			runOnlyForDeploymentPostprocessing = 0;
		};
/* End PBXSourcesBuildPhase section */

/* Begin PBXTargetDependency section */
		1253AF411AE3904400CF1DB1 /* PBXTargetDependency */ = {
			isa = PBXTargetDependency;
			target = 1253AF291AE3904400CF1DB1 /* Mom Finder */;
			targetProxy = 1253AF401AE3904400CF1DB1 /* PBXContainerItemProxy */;
		};
/* End PBXTargetDependency section */

/* Begin PBXVariantGroup section */
		1253AF331AE3904400CF1DB1 /* Main.storyboard */ = {
			isa = PBXVariantGroup;
			children = (
				1253AF341AE3904400CF1DB1 /* Base */,
			);
			name = Main.storyboard;
			sourceTree = "<group>";
		};
		1253AF381AE3904400CF1DB1 /* LaunchScreen.xib */ = {
			isa = PBXVariantGroup;
			children = (
				1253AF391AE3904400CF1DB1 /* Base */,
			);
			name = LaunchScreen.xib;
			sourceTree = "<group>";
		};
/* End PBXVariantGroup section */

/* Begin XCBuildConfiguration section */
		1253AF471AE3904400CF1DB1 /* Debug */ = {
			isa = XCBuildConfiguration;
			buildSettings = {
				ALWAYS_SEARCH_USER_PATHS = NO;
				CLANG_CXX_LANGUAGE_STANDARD = "gnu++0x";
				CLANG_CXX_LIBRARY = "libc++";
				CLANG_ENABLE_MODULES = YES;
				CLANG_ENABLE_OBJC_ARC = YES;
				CLANG_WARN_BOOL_CONVERSION = YES;
				CLANG_WARN_CONSTANT_CONVERSION = YES;
				CLANG_WARN_DIRECT_OBJC_ISA_USAGE = YES_ERROR;
				CLANG_WARN_EMPTY_BODY = YES;
				CLANG_WARN_ENUM_CONVERSION = YES;
				CLANG_WARN_INT_CONVERSION = YES;
				CLANG_WARN_OBJC_ROOT_CLASS = YES_ERROR;
				CLANG_WARN_UNREACHABLE_CODE = YES;
				CLANG_WARN__DUPLICATE_METHOD_MATCH = YES;
				"CODE_SIGN_IDENTITY[sdk=iphoneos*]" = "iPhone Developer";
				COPY_PHASE_STRIP = NO;
				ENABLE_STRICT_OBJC_MSGSEND = YES;
				GCC_C_LANGUAGE_STANDARD = gnu99;
				GCC_DYNAMIC_NO_PIC = NO;
				GCC_OPTIMIZATION_LEVEL = 0;
				GCC_PREPROCESSOR_DEFINITIONS = (
					"DEBUG=1",
					"$(inherited)",
				);
				GCC_SYMBOLS_PRIVATE_EXTERN = NO;
				GCC_WARN_64_TO_32_BIT_CONVERSION = YES;
				GCC_WARN_ABOUT_RETURN_TYPE = YES_ERROR;
				GCC_WARN_UNDECLARED_SELECTOR = YES;
				GCC_WARN_UNINITIALIZED_AUTOS = YES_AGGRESSIVE;
				GCC_WARN_UNUSED_FUNCTION = YES;
				GCC_WARN_UNUSED_VARIABLE = YES;
				IPHONEOS_DEPLOYMENT_TARGET = 8.1;
				MTL_ENABLE_DEBUG_INFO = YES;
				ONLY_ACTIVE_ARCH = YES;
				SDKROOT = iphoneos;
				SWIFT_OPTIMIZATION_LEVEL = "-Onone";
				TARGETED_DEVICE_FAMILY = "1,2";
			};
			name = Debug;
		};
		1253AF481AE3904400CF1DB1 /* Release */ = {
			isa = XCBuildConfiguration;
			buildSettings = {
				ALWAYS_SEARCH_USER_PATHS = NO;
				CLANG_CXX_LANGUAGE_STANDARD = "gnu++0x";
				CLANG_CXX_LIBRARY = "libc++";
				CLANG_ENABLE_MODULES = YES;
				CLANG_ENABLE_OBJC_ARC = YES;
				CLANG_WARN_BOOL_CONVERSION = YES;
				CLANG_WARN_CONSTANT_CONVERSION = YES;
				CLANG_WARN_DIRECT_OBJC_ISA_USAGE = YES_ERROR;
				CLANG_WARN_EMPTY_BODY = YES;
				CLANG_WARN_ENUM_CONVERSION = YES;
				CLANG_WARN_INT_CONVERSION = YES;
				CLANG_WARN_OBJC_ROOT_CLASS = YES_ERROR;
				CLANG_WARN_UNREACHABLE_CODE = YES;
				CLANG_WARN__DUPLICATE_METHOD_MATCH = YES;
				"CODE_SIGN_IDENTITY[sdk=iphoneos*]" = "iPhone Developer";
				COPY_PHASE_STRIP = YES;
				ENABLE_NS_ASSERTIONS = NO;
				ENABLE_STRICT_OBJC_MSGSEND = YES;
				GCC_C_LANGUAGE_STANDARD = gnu99;
				GCC_WARN_64_TO_32_BIT_CONVERSION = YES;
				GCC_WARN_ABOUT_RETURN_TYPE = YES_ERROR;
				GCC_WARN_UNDECLARED_SELECTOR = YES;
				GCC_WARN_UNINITIALIZED_AUTOS = YES_AGGRESSIVE;
				GCC_WARN_UNUSED_FUNCTION = YES;
				GCC_WARN_UNUSED_VARIABLE = YES;
				IPHONEOS_DEPLOYMENT_TARGET = 8.1;
				MTL_ENABLE_DEBUG_INFO = NO;
				SDKROOT = iphoneos;
				TARGETED_DEVICE_FAMILY = "1,2";
				VALIDATE_PRODUCT = YES;
			};
			name = Release;
		};
		1253AF4A1AE3904400CF1DB1 /* Debug */ = {
			isa = XCBuildConfiguration;
			buildSettings = {
				ASSETCATALOG_COMPILER_APPICON_NAME = AppIcon;
				INFOPLIST_FILE = "Mom Finder/Info.plist";
				LD_RUNPATH_SEARCH_PATHS = "$(inherited) @executable_path/Frameworks";
				PRODUCT_NAME = "$(TARGET_NAME)";
			};
			name = Debug;
		};
		1253AF4B1AE3904400CF1DB1 /* Release */ = {
			isa = XCBuildConfiguration;
			buildSettings = {
				ASSETCATALOG_COMPILER_APPICON_NAME = AppIcon;
				INFOPLIST_FILE = "Mom Finder/Info.plist";
				LD_RUNPATH_SEARCH_PATHS = "$(inherited) @executable_path/Frameworks";
				PRODUCT_NAME = "$(TARGET_NAME)";
			};
			name = Release;
		};
		1253AF4D1AE3904400CF1DB1 /* Debug */ = {
			isa = XCBuildConfiguration;
			buildSettings = {
				BUNDLE_LOADER = "$(TEST_HOST)";
				FRAMEWORK_SEARCH_PATHS = (
					"$(SDKROOT)/Developer/Library/Frameworks",
					"$(inherited)",
				);
				GCC_PREPROCESSOR_DEFINITIONS = (
					"DEBUG=1",
					"$(inherited)",
				);
				INFOPLIST_FILE = "Mom FinderTests/Info.plist";
				LD_RUNPATH_SEARCH_PATHS = "$(inherited) @executable_path/Frameworks @loader_path/Frameworks";
				PRODUCT_NAME = "$(TARGET_NAME)";
				TEST_HOST = "$(BUILT_PRODUCTS_DIR)/Mom Finder.app/Mom Finder";
			};
			name = Debug;
		};
		1253AF4E1AE3904400CF1DB1 /* Release */ = {
			isa = XCBuildConfiguration;
			buildSettings = {
				BUNDLE_LOADER = "$(TEST_HOST)";
				FRAMEWORK_SEARCH_PATHS = (
					"$(SDKROOT)/Developer/Library/Frameworks",
					"$(inherited)",
				);
				INFOPLIST_FILE = "Mom FinderTests/Info.plist";
				LD_RUNPATH_SEARCH_PATHS = "$(inherited) @executable_path/Frameworks @loader_path/Frameworks";
				PRODUCT_NAME = "$(TARGET_NAME)";
				TEST_HOST = "$(BUILT_PRODUCTS_DIR)/Mom Finder.app/Mom Finder";
			};
			name = Release;
		};
/* End XCBuildConfiguration section */

/* Begin XCConfigurationList section */
		1253AF251AE3904400CF1DB1 /* Build configuration list for PBXProject "Mom Finder" */ = {
			isa = XCConfigurationList;
			buildConfigurations = (
				1253AF471AE3904400CF1DB1 /* Debug */,
				1253AF481AE3904400CF1DB1 /* Release */,
			);
			defaultConfigurationIsVisible = 0;
			defaultConfigurationName = Release;
		};
		1253AF491AE3904400CF1DB1 /* Build configuration list for PBXNativeTarget "Mom Finder" */ = {
			isa = XCConfigurationList;
			buildConfigurations = (
				1253AF4A1AE3904400CF1DB1 /* Debug */,
				1253AF4B1AE3904400CF1DB1 /* Release */,
			);
			defaultConfigurationIsVisible = 0;
		};
		1253AF4C1AE3904400CF1DB1 /* Build configuration list for PBXNativeTarget "Mom FinderTests" */ = {
			isa = XCConfigurationList;
			buildConfigurations = (
				1253AF4D1AE3904400CF1DB1 /* Debug */,
				1253AF4E1AE3904400CF1DB1 /* Release */,
			);
			defaultConfigurationIsVisible = 0;
		};
/* End XCConfigurationList section */
	};
	rootObject = 1253AF221AE3904400CF1DB1 /* Project object */;
}
